Microsoft Visual Studio Solution File, Format Version 12.00
# Visual Studio Version 17
VisualStudioVersion = 17.5.2.0
MinimumVisualStudioVersion = 10.0.40219.1
Project("{FAE04EC0-301F-11D3-BF4B-00C04F79EFBC}") = "FinanceTracker.Api", "FinanceTracker.Api.csproj", "{B86EE19F-D63E-C0A8-373D-6539DD48F254}"
EndProject
Global
	GlobalSection(SolutionConfigurationPlatforms) = preSolution
		Debug|Any CPU = Debug|Any CPU
		Release|Any CPU = Release|Any CPU
	EndGlobalSection
	GlobalSection(ProjectConfigurationPlatforms) = postSolution
		{B86EE19F-D63E-C0A8-373D-6539DD48F254}.Debug|Any CPU.ActiveCfg = Debug|Any CPU
		{B86EE19F-D63E-C0A8-373D-6539DD48F254}.Debug|Any CPU.Build.0 = Debug|Any CPU
		{B86EE19F-D63E-C0A8-373D-6539DD48F254}.Release|Any CPU.ActiveCfg = Release|Any CPU
		{B86EE19F-D63E-C0A8-373D-6539DD48F254}.Release|Any CPU.Build.0 = Release|Any CPU
	EndGlobalSection
	GlobalSection(SolutionProperties) = preSolution
		HideSolutionNode = FALSE
	EndGlobalSection
	GlobalSection(ExtensibilityGlobals) = postSolution
		SolutionGuid = {77A2C2AC-5A92-441B-BB09-9B87026F7064}
	EndGlobalSection
EndGlobal
